lockfile_version: '1'
generated_at: '2026-05-27T13:01:49.069542+00:00'
apm_version: 0.15.0
dependencies:
- repo_url: _local/api-designer-86d95cf4
  package_type: apm_package
  deployed_files:
  - .codex/agents/api-designer.toml
  deployed_file_hashes:
    .codex/agents/api-designer.toml: sha256:10343f4c3d7bfec6b858c10b7c5bcd33d1eff1b3fc60b3401f195feffa072e22
  source: local
  local_path: /Users/junhoyoon/windsurfpjt/dance-of-tal/studio/.apm-studio/packages/api-designer-86d95cf4
