apm_version: apm-studio-native-v1
dependencies: []
lockfile_version: "1"
mcp_servers: []
packages:
  - manifest_hash: sha256:a6b33ce6b227775b5c4be38538e58fe8c24c8fb773b8620e27d5948c0660b20a
    name: stanley-druckenmiller
    package_id: stanley-druckenmiller-8c49d6c2
    source: apm-studio
    version: 0.1.0
