apm_version: apm-studio-native-v1
dependencies: []
lockfile_version: "1"
mcp_servers: []
packages:
  - manifest_hash: sha256:d76ba43a3845023ba1310718919799a501ce7bb7d97af57160bce27a29987eb3
    name: openbb-data-fetcher
    package_id: openbb-data-fetcher-05c0900b
    source: apm-studio
    version: 0.1.0
