apm_version: apm-studio-native-v1
dependencies: []
lockfile_version: "1"
mcp_servers: []
packages:
  - manifest_hash: sha256:0825601d72b78f898cf65d4691f328511b1d0bf918f847f685e98667cea48f8d
    name: company-analysis
    package_id: company-analysis-32382e13
    source: apm-studio
    version: 0.1.0
